
Microsoft Visual Studio Solution File, Format Version 12.00
# Visual Studio 14
VisualStudioVersion = 14.0.24720.0
MinimumVisualStudioVersion = 10.0.40219.1
Project("{FAE04EC0-301F-11D3-BF4B-00C04F79EFBC}") = "TextSecure", "Signal\TextSecure.csproj", "{995AB3EB-5AD4-4CC6-8B5F-41A856EC2A1D}"
	ProjectSection(ProjectDependencies) = postProject
		{FAB01AA5-DAFA-4FD5-8642-770C6548ADF8} = {FAB01AA5-DAFA-4FD5-8642-770C6548ADF8}
	EndProjectSection
EndProject
Project("{FAE04EC0-301F-11D3-BF4B-00C04F79EFBC}") = "libaxolotl", "libaxolotl\libaxolotl.csproj", "{7F46463C-899E-48CA-B56C-ABC386545F29}"
EndProject
Project("{FAE04EC0-301F-11D3-BF4B-00C04F79EFBC}") = "libtextsecure", "libtextsecure\libtextsecure.csproj", "{FAB01AA5-DAFA-4FD5-8642-770C6548ADF8}"
	ProjectSection(ProjectDependencies) = postProject
		{7F46463C-899E-48CA-B56C-ABC386545F29} = {7F46463C-899E-48CA-B56C-ABC386545F29}
	EndProjectSection
EndProject
Project("{FAE04EC0-301F-11D3-BF4B-00C04F79EFBC}") = "SignalTest", "SignalTest\SignalTest.csproj", "{121E78B8-0021-4944-8753-5FCBA055251A}"
	ProjectSection(ProjectDependencies) = postProject
		{995AB3EB-5AD4-4CC6-8B5F-41A856EC2A1D} = {995AB3EB-5AD4-4CC6-8B5F-41A856EC2A1D}
	EndProjectSection
EndProject
Project("{FAE04EC0-301F-11D3-BF4B-00C04F79EFBC}") = "TextSecureTasks", "SignalTasks\TextSecureTasks.csproj", "{E1A09FE7-A62F-4B2B-A4E4-FC3EFF4220AE}"
EndProject
Project("{2150E333-8FDC-42A3-9474-1A3956D46DE8}") = "Solution Items", "Solution Items", "{F746FF8A-BE56-457D-A3A5-9DE7D04EE1AC}"
	ProjectSection(SolutionItems) = preProject
		.gitignore = .gitignore
	EndProjectSection
EndProject
Project("{FAE04EC0-301F-11D3-BF4B-00C04F79EFBC}") = "libsettings", "libsettings\libsettings.csproj", "{0BE37C5F-5CE1-4AD4-8F22-7423D0610085}"
EndProject
Global
	GlobalSection(SolutionConfigurationPlatforms) = preSolution
		Debug|Any CPU = Debug|Any CPU
		Debug|ARM = Debug|ARM
		Debug|x64 = Debug|x64
		Debug|x86 = Debug|x86
		Release|Any CPU = Release|Any CPU
		Release|ARM = Release|ARM
		Release|x64 = Release|x64
		Release|x86 = Release|x86
	EndGlobalSection
	GlobalSection(ProjectConfigurationPlatforms) = postSolution
		{995AB3EB-5AD4-4CC6-8B5F-41A856EC2A1D}.Debug|Any CPU.ActiveCfg = Debug|x86
		{995AB3EB-5AD4-4CC6-8B5F-41A856EC2A1D}.Debug|Any CPU.Build.0 = Debug|x86
		{995AB3EB-5AD4-4CC6-8B5F-41A856EC2A1D}.Debug|Any CPU.Deploy.0 = Debug|x86
		{995AB3EB-5AD4-4CC6-8B5F-41A856EC2A1D}.Debug|ARM.ActiveCfg = Debug|ARM
		{995AB3EB-5AD4-4CC6-8B5F-41A856EC2A1D}.Debug|ARM.Build.0 = Debug|ARM
		{995AB3EB-5AD4-4CC6-8B5F-41A856EC2A1D}.Debug|ARM.Deploy.0 = Debug|ARM
		{995AB3EB-5AD4-4CC6-8B5F-41A856EC2A1D}.Debug|x64.ActiveCfg = Debug|x64
		{995AB3EB-5AD4-4CC6-8B5F-41A856EC2A1D}.Debug|x64.Build.0 = Debug|x64
		{995AB3EB-5AD4-4CC6-8B5F-41A856EC2A1D}.Debug|x64.Deploy.0 = Debug|x64
		{995AB3EB-5AD4-4CC6-8B5F-41A856EC2A1D}.Debug|x86.ActiveCfg = Debug|x86
		{995AB3EB-5AD4-4CC6-8B5F-41A856EC2A1D}.Debug|x86.Build.0 = Debug|x86
		{995AB3EB-5AD4-4CC6-8B5F-41A856EC2A1D}.Debug|x86.Deploy.0 = Debug|x86
		{995AB3EB-5AD4-4CC6-8B5F-41A856EC2A1D}.Release|Any CPU.ActiveCfg = Release|x86
		{995AB3EB-5AD4-4CC6-8B5F-41A856EC2A1D}.Release|ARM.ActiveCfg = Release|ARM
		{995AB3EB-5AD4-4CC6-8B5F-41A856EC2A1D}.Release|ARM.Build.0 = Release|ARM
		{995AB3EB-5AD4-4CC6-8B5F-41A856EC2A1D}.Release|ARM.Deploy.0 = Release|ARM
		{995AB3EB-5AD4-4CC6-8B5F-41A856EC2A1D}.Release|x64.ActiveCfg = Release|x64
		{995AB3EB-5AD4-4CC6-8B5F-41A856EC2A1D}.Release|x64.Build.0 = Release|x64
		{995AB3EB-5AD4-4CC6-8B5F-41A856EC2A1D}.Release|x64.Deploy.0 = Release|x64
		{995AB3EB-5AD4-4CC6-8B5F-41A856EC2A1D}.Release|x86.ActiveCfg = Release|x86
		{995AB3EB-5AD4-4CC6-8B5F-41A856EC2A1D}.Release|x86.Build.0 = Release|x86
		{995AB3EB-5AD4-4CC6-8B5F-41A856EC2A1D}.Release|x86.Deploy.0 = Release|x86
		{7F46463C-899E-48CA-B56C-ABC386545F29}.Debug|Any CPU.ActiveCfg = Debug|Any CPU
		{7F46463C-899E-48CA-B56C-ABC386545F29}.Debug|Any CPU.Build.0 = Debug|Any CPU
		{7F46463C-899E-48CA-B56C-ABC386545F29}.Debug|ARM.ActiveCfg = Debug|ARM
		{7F46463C-899E-48CA-B56C-ABC386545F29}.Debug|ARM.Build.0 = Debug|ARM
		{7F46463C-899E-48CA-B56C-ABC386545F29}.Debug|x64.ActiveCfg = Debug|x64
		{7F46463C-899E-48CA-B56C-ABC386545F29}.Debug|x64.Build.0 = Debug|x64
		{7F46463C-899E-48CA-B56C-ABC386545F29}.Debug|x86.ActiveCfg = Debug|x86
		{7F46463C-899E-48CA-B56C-ABC386545F29}.Debug|x86.Build.0 = Debug|x86
		{7F46463C-899E-48CA-B56C-ABC386545F29}.Release|Any CPU.ActiveCfg = Release|Any CPU
		{7F46463C-899E-48CA-B56C-ABC386545F29}.Release|Any CPU.Build.0 = Release|Any CPU
		{7F46463C-899E-48CA-B56C-ABC386545F29}.Release|ARM.ActiveCfg = Release|ARM
		{7F46463C-899E-48CA-B56C-ABC386545F29}.Release|ARM.Build.0 = Release|ARM
		{7F46463C-899E-48CA-B56C-ABC386545F29}.Release|x64.ActiveCfg = Release|x64
		{7F46463C-899E-48CA-B56C-ABC386545F29}.Release|x64.Build.0 = Release|x64
		{7F46463C-899E-48CA-B56C-ABC386545F29}.Release|x86.ActiveCfg = Release|x86
		{7F46463C-899E-48CA-B56C-ABC386545F29}.Release|x86.Build.0 = Release|x86
		{FAB01AA5-DAFA-4FD5-8642-770C6548ADF8}.Debug|Any CPU.ActiveCfg = Debug|Any CPU
		{FAB01AA5-DAFA-4FD5-8642-770C6548ADF8}.Debug|Any CPU.Build.0 = Debug|Any CPU
		{FAB01AA5-DAFA-4FD5-8642-770C6548ADF8}.Debug|ARM.ActiveCfg = Debug|ARM
		{FAB01AA5-DAFA-4FD5-8642-770C6548ADF8}.Debug|ARM.Build.0 = Debug|ARM
		{FAB01AA5-DAFA-4FD5-8642-770C6548ADF8}.Debug|x64.ActiveCfg = Debug|x64
		{FAB01AA5-DAFA-4FD5-8642-770C6548ADF8}.Debug|x64.Build.0 = Debug|x64
		{FAB01AA5-DAFA-4FD5-8642-770C6548ADF8}.Debug|x86.ActiveCfg = Debug|x86
		{FAB01AA5-DAFA-4FD5-8642-770C6548ADF8}.Debug|x86.Build.0 = Debug|x86
		{FAB01AA5-DAFA-4FD5-8642-770C6548ADF8}.Release|Any CPU.ActiveCfg = Release|Any CPU
		{FAB01AA5-DAFA-4FD5-8642-770C6548ADF8}.Release|Any CPU.Build.0 = Release|Any CPU
		{FAB01AA5-DAFA-4FD5-8642-770C6548ADF8}.Release|ARM.ActiveCfg = Release|ARM
		{FAB01AA5-DAFA-4FD5-8642-770C6548ADF8}.Release|ARM.Build.0 = Release|ARM
		{FAB01AA5-DAFA-4FD5-8642-770C6548ADF8}.Release|x64.ActiveCfg = Release|x64
		{FAB01AA5-DAFA-4FD5-8642-770C6548ADF8}.Release|x64.Build.0 = Release|x64
		{FAB01AA5-DAFA-4FD5-8642-770C6548ADF8}.Release|x86.ActiveCfg = Release|x86
		{FAB01AA5-DAFA-4FD5-8642-770C6548ADF8}.Release|x86.Build.0 = Release|x86
		{121E78B8-0021-4944-8753-5FCBA055251A}.Debug|Any CPU.ActiveCfg = Debug|x86
		{121E78B8-0021-4944-8753-5FCBA055251A}.Debug|ARM.ActiveCfg = Debug|ARM
		{121E78B8-0021-4944-8753-5FCBA055251A}.Debug|ARM.Build.0 = Debug|ARM
		{121E78B8-0021-4944-8753-5FCBA055251A}.Debug|ARM.Deploy.0 = Debug|ARM
		{121E78B8-0021-4944-8753-5FCBA055251A}.Debug|x64.ActiveCfg = Debug|x64
		{121E78B8-0021-4944-8753-5FCBA055251A}.Debug|x64.Build.0 = Debug|x64
		{121E78B8-0021-4944-8753-5FCBA055251A}.Debug|x64.Deploy.0 = Debug|x64
		{121E78B8-0021-4944-8753-5FCBA055251A}.Debug|x86.ActiveCfg = Debug|x86
		{121E78B8-0021-4944-8753-5FCBA055251A}.Debug|x86.Build.0 = Debug|x86
		{121E78B8-0021-4944-8753-5FCBA055251A}.Debug|x86.Deploy.0 = Debug|x86
		{121E78B8-0021-4944-8753-5FCBA055251A}.Release|Any CPU.ActiveCfg = Release|x86
		{121E78B8-0021-4944-8753-5FCBA055251A}.Release|ARM.ActiveCfg = Release|ARM
		{121E78B8-0021-4944-8753-5FCBA055251A}.Release|ARM.Build.0 = Release|ARM
		{121E78B8-0021-4944-8753-5FCBA055251A}.Release|ARM.Deploy.0 = Release|ARM
		{121E78B8-0021-4944-8753-5FCBA055251A}.Release|x64.ActiveCfg = Release|x64
		{121E78B8-0021-4944-8753-5FCBA055251A}.Release|x64.Build.0 = Release|x64
		{121E78B8-0021-4944-8753-5FCBA055251A}.Release|x64.Deploy.0 = Release|x64
		{121E78B8-0021-4944-8753-5FCBA055251A}.Release|x86.ActiveCfg = Release|x86
		{121E78B8-0021-4944-8753-5FCBA055251A}.Release|x86.Build.0 = Release|x86
		{121E78B8-0021-4944-8753-5FCBA055251A}.Release|x86.Deploy.0 = Release|x86
		{E1A09FE7-A62F-4B2B-A4E4-FC3EFF4220AE}.Debug|Any CPU.ActiveCfg = Debug|Any CPU
		{E1A09FE7-A62F-4B2B-A4E4-FC3EFF4220AE}.Debug|Any CPU.Build.0 = Debug|Any CPU
		{E1A09FE7-A62F-4B2B-A4E4-FC3EFF4220AE}.Debug|ARM.ActiveCfg = Debug|ARM
		{E1A09FE7-A62F-4B2B-A4E4-FC3EFF4220AE}.Debug|ARM.Build.0 = Debug|ARM
		{E1A09FE7-A62F-4B2B-A4E4-FC3EFF4220AE}.Debug|x64.ActiveCfg = Debug|x64
		{E1A09FE7-A62F-4B2B-A4E4-FC3EFF4220AE}.Debug|x64.Build.0 = Debug|x64
		{E1A09FE7-A62F-4B2B-A4E4-FC3EFF4220AE}.Debug|x86.ActiveCfg = Debug|x86
		{E1A09FE7-A62F-4B2B-A4E4-FC3EFF4220AE}.Debug|x86.Build.0 = Debug|x86
		{E1A09FE7-A62F-4B2B-A4E4-FC3EFF4220AE}.Release|Any CPU.ActiveCfg = Release|Any CPU
		{E1A09FE7-A62F-4B2B-A4E4-FC3EFF4220AE}.Release|Any CPU.Build.0 = Release|Any CPU
		{E1A09FE7-A62F-4B2B-A4E4-FC3EFF4220AE}.Release|ARM.ActiveCfg = Release|ARM
		{E1A09FE7-A62F-4B2B-A4E4-FC3EFF4220AE}.Release|ARM.Build.0 = Release|ARM
		{E1A09FE7-A62F-4B2B-A4E4-FC3EFF4220AE}.Release|x64.ActiveCfg = Release|x64
		{E1A09FE7-A62F-4B2B-A4E4-FC3EFF4220AE}.Release|x64.Build.0 = Release|x64
		{E1A09FE7-A62F-4B2B-A4E4-FC3EFF4220AE}.Release|x86.ActiveCfg = Release|x86
		{E1A09FE7-A62F-4B2B-A4E4-FC3EFF4220AE}.Release|x86.Build.0 = Release|x86
		{0BE37C5F-5CE1-4AD4-8F22-7423D0610085}.Debug|Any CPU.ActiveCfg = Debug|Any CPU
		{0BE37C5F-5CE1-4AD4-8F22-7423D0610085}.Debug|Any CPU.Build.0 = Debug|Any CPU
		{0BE37C5F-5CE1-4AD4-8F22-7423D0610085}.Debug|ARM.ActiveCfg = Debug|ARM
		{0BE37C5F-5CE1-4AD4-8F22-7423D0610085}.Debug|ARM.Build.0 = Debug|ARM
		{0BE37C5F-5CE1-4AD4-8F22-7423D0610085}.Debug|x64.ActiveCfg = Debug|x64
		{0BE37C5F-5CE1-4AD4-8F22-7423D0610085}.Debug|x64.Build.0 = Debug|x64
		{0BE37C5F-5CE1-4AD4-8F22-7423D0610085}.Debug|x86.ActiveCfg = Debug|x86
		{0BE37C5F-5CE1-4AD4-8F22-7423D0610085}.Debug|x86.Build.0 = Debug|x86
		{0BE37C5F-5CE1-4AD4-8F22-7423D0610085}.Release|Any CPU.ActiveCfg = Release|Any CPU
		{0BE37C5F-5CE1-4AD4-8F22-7423D0610085}.Release|Any CPU.Build.0 = Release|Any CPU
		{0BE37C5F-5CE1-4AD4-8F22-7423D0610085}.Release|ARM.ActiveCfg = Release|ARM
		{0BE37C5F-5CE1-4AD4-8F22-7423D0610085}.Release|ARM.Build.0 = Release|ARM
		{0BE37C5F-5CE1-4AD4-8F22-7423D0610085}.Release|x64.ActiveCfg = Release|x64
		{0BE37C5F-5CE1-4AD4-8F22-7423D0610085}.Release|x64.Build.0 = Release|x64
		{0BE37C5F-5CE1-4AD4-8F22-7423D0610085}.Release|x86.ActiveCfg = Release|x86
		{0BE37C5F-5CE1-4AD4-8F22-7423D0610085}.Release|x86.Build.0 = Release|x86
	EndGlobalSection
	GlobalSection(SolutionProperties) = preSolution
		HideSolutionNode = FALSE
	EndGlobalSection
EndGlobal
